# This file is automatically @generated by Cargo.
# It is not intended for manual editing.
version = 4

[[package]]
name = "doomgeneric_fs"
version = "0.0.0"
dependencies = [
 "rust_doomgeneric",
]

[[package]]
name = "doomgeneric_xlib"
version = "0.0.0"
dependencies = [
 "doomgeneric_fs",
 "libc",
 "rust_doomgeneric",
]

[[package]]
name = "libc"
version = "0.2.189"
source = "registry+https://github.com/rust-lang/crates.io-index"
checksum = "3eaf3ede3fee6db1a4c2ee091bf8a8b4dccdc6d17f656fb07896ee72867612f2"

[[package]]
name = "rust_doomgeneric"
version = "0.0.0"
dependencies = [
 "sha1_smol",
]

[[package]]
name = "sha1_smol"
version = "1.0.1"
source = "registry+https://github.com/rust-lang/crates.io-index"
checksum = "bbfa15b3dddfee50a0fff136974b3e1bde555604ba463834a7eb7deb6417705d"
